
Microsoft Visual Studio Solution File, Format Version 12.00
# Visual Studio 2012
Project("{FAE04EC0-301F-11D3-BF4B-00C04F79EFBC}") = "DependencyInjectionNInject1", "DependencyInjectionNInject1\DependencyInjectionNInject1.csproj", "{6BEB53D3-FB4D-404F-8F78-851A62D9114A}"
EndProject
Global
	GlobalSection(SolutionConfigurationPlatforms) = preSolution
		Debug|Any CPU = Debug|Any CPU
		Release|Any CPU = Release|Any CPU
	EndGlobalSection
	GlobalSection(ProjectConfigurationPlatforms) = postSolution
		{6BEB53D3-FB4D-404F-8F78-851A62D9114A}.Debug|Any CPU.ActiveCfg = Debug|Any CPU
		{6BEB53D3-FB4D-404F-8F78-851A62D9114A}.Debug|Any CPU.Build.0 = Debug|Any CPU
		{6BEB53D3-FB4D-404F-8F78-851A62D9114A}.Release|Any CPU.ActiveCfg = Release|Any CPU
		{6BEB53D3-FB4D-404F-8F78-851A62D9114A}.Release|Any CPU.Build.0 = Release|Any CPU
	EndGlobalSection
	GlobalSection(SolutionProperties) = preSolution
		HideSolutionNode = FALSE
	EndGlobalSection
EndGlobal
